
Microsoft Visual Studio Solution File, Format Version 12.00
# Visual Studio Version 17
VisualStudioVersion = 17.3.32825.248
MinimumVisualStudioVersion = 10.0.40219.1
Project("{FAE04EC0-301F-11D3-BF4B-00C04F79EFBC}") = "comentarios-backend", "comentarios-backend\comentarios-backend.csproj", "{568DD8FF-A980-4408-BF78-E5CD2CDBBD6C}"
EndProject
Global
	GlobalSection(SolutionConfigurationPlatforms) = preSolution
		Debug|Any CPU = Debug|Any CPU
		Release|Any CPU = Release|Any CPU
	EndGlobalSection
	GlobalSection(ProjectConfigurationPlatforms) = postSolution
		{568DD8FF-A980-4408-BF78-E5CD2CDBBD6C}.Debug|Any CPU.ActiveCfg = Debug|Any CPU
		{568DD8FF-A980-4408-BF78-E5CD2CDBBD6C}.Debug|Any CPU.Build.0 = Debug|Any CPU
		{568DD8FF-A980-4408-BF78-E5CD2CDBBD6C}.Release|Any CPU.ActiveCfg = Release|Any CPU
		{568DD8FF-A980-4408-BF78-E5CD2CDBBD6C}.Release|Any CPU.Build.0 = Release|Any CPU
	EndGlobalSection
	GlobalSection(SolutionProperties) = preSolution
		HideSolutionNode = FALSE
	EndGlobalSection
	GlobalSection(ExtensibilityGlobals) = postSolution
		SolutionGuid = {9B6FC937-86F6-42C5-88AA-97F51A60A5EE}
	EndGlobalSection
EndGlobal
